
Microsoft Visual Studio Solution File, Format Version 12.00
# Visual Studio 15
VisualStudioVersion = 15.0.27130.2020
MinimumVisualStudioVersion = 10.0.40219.1
Project("{FAE04EC0-301F-11D3-BF4B-00C04F79EFBC}") = "EasyUtilities.Test", "EasyUtilities.Test\EasyUtilities.Test.csproj", "{44E9A78B-18F7-4F62-9771-8E5C6CD2BD1E}"
EndProject
Project("{FAE04EC0-301F-11D3-BF4B-00C04F79EFBC}") = "EasyUtilities.Core", "EasyUtilities.Core\EasyUtilities.Core.csproj", "{06AEB02F-8510-400B-B566-77E6AB8D8C04}"
EndProject
Global
	GlobalSection(SolutionConfigurationPlatforms) = preSolution
		Debug|Any CPU = Debug|Any CPU
		Release|Any CPU = Release|Any CPU
	EndGlobalSection
	GlobalSection(ProjectConfigurationPlatforms) = postSolution
		{44E9A78B-18F7-4F62-9771-8E5C6CD2BD1E}.Debug|Any CPU.ActiveCfg = Debug|Any CPU
		{44E9A78B-18F7-4F62-9771-8E5C6CD2BD1E}.Debug|Any CPU.Build.0 = Debug|Any CPU
		{44E9A78B-18F7-4F62-9771-8E5C6CD2BD1E}.Release|Any CPU.ActiveCfg = Release|Any CPU
		{44E9A78B-18F7-4F62-9771-8E5C6CD2BD1E}.Release|Any CPU.Build.0 = Release|Any CPU
		{06AEB02F-8510-400B-B566-77E6AB8D8C04}.Debug|Any CPU.ActiveCfg = Debug|Any CPU
		{06AEB02F-8510-400B-B566-77E6AB8D8C04}.Debug|Any CPU.Build.0 = Debug|Any CPU
		{06AEB02F-8510-400B-B566-77E6AB8D8C04}.Release|Any CPU.ActiveCfg = Release|Any CPU
		{06AEB02F-8510-400B-B566-77E6AB8D8C04}.Release|Any CPU.Build.0 = Release|Any CPU
	EndGlobalSection
	GlobalSection(SolutionProperties) = preSolution
		HideSolutionNode = FALSE
	EndGlobalSection
	GlobalSection(ExtensibilityGlobals) = postSolution
		SolutionGuid = {9D21D566-1441-4459-98F7-D5D3ABFD5CF2}
	EndGlobalSection
EndGlobal
